// !$*UTF8*$!
{
	archiveVersion = 1;
	classes = {
	};
	objectVersion = 55;
	objects = {

/* Begin PBXBuildFile section */
		050CFE0429CEC382005D0A91 /* DetailViewController.swift in Sources */ = {isa = PBXBuildFile; fileRef = 050CFE0329CEC382005D0A91 /* DetailViewController.swift */; };
		050CFE0629CEEE50005D0A91 /* UITextView+Additions.swift in Sources */ = {isa = PBXBuildFile; fileRef = 050CFE0529CEEE50005D0A91 /* UITextView+Additions.swift */; };
		050CFE0829CEF527005D0A91 /* LogItemCell.swift in Sources */ = {isa = PBXBuildFile; fileRef = 050CFE0729CEF527005D0A91 /* LogItemCell.swift */; };
		050CFE0A29CF1DF8005D0A91 /* ImageSelector.swift in Sources */ = {isa = PBXBuildFile; fileRef = 050CFE0929CF1DF8005D0A91 /* ImageSelector.swift */; };
		053C650229C4523700708FF1 /* CustomCalendarCell.swift in Sources */ = {isa = PBXBuildFile; fileRef = 053C650129C4523700708FF1 /* CustomCalendarCell.swift */; };
		055356FA29E256D9009DDF9F /* WeatherAPI.swift in Sources */ = {isa = PBXBuildFile; fileRef = 055356F929E256D9009DDF9F /* WeatherAPI.swift */; };
		055356FE29E26557009DDF9F /* WeatherStore.swift in Sources */ = {isa = PBXBuildFile; fileRef = 055356FD29E26557009DDF9F /* WeatherStore.swift */; };
		0553572029E2C296009DDF9F /* Weather.swift in Sources */ = {isa = PBXBuildFile; fileRef = 0553571F29E2C296009DDF9F /* Weather.swift */; };
		0553572429E3D08E009DDF9F /* LocationProvider.swift in Sources */ = {isa = PBXBuildFile; fileRef = 0553572329E3D08E009DDF9F /* LocationProvider.swift */; };
		0553572629E43FF5009DDF9F /* MapConversion.swift in Sources */ = {isa = PBXBuildFile; fileRef = 0553572529E43FF4009DDF9F /* MapConversion.swift */; };
		056939D029D4761100CB2D05 /* MonthSelectionViewController.swift in Sources */ = {isa = PBXBuildFile; fileRef = 056939CF29D4761100CB2D05 /* MonthSelectionViewController.swift */; };
		0592694C29B4A97900730B9C /* AppDelegate.swift in Sources */ = {isa = PBXBuildFile; fileRef = 0592694B29B4A97900730B9C /* AppDelegate.swift */; };
		0592694E29B4A97900730B9C /* SceneDelegate.swift in Sources */ = {isa = PBXBuildFile; fileRef = 0592694D29B4A97900730B9C /* SceneDelegate.swift */; };
		0592695029B4A97900730B9C /* CalendarViewController.swift in Sources */ = {isa = PBXBuildFile; fileRef = 0592694F29B4A97900730B9C /* CalendarViewController.swift */; };
		0592695329B4A97900730B9C /* Main.storyboard in Resources */ = {isa = PBXBuildFile; fileRef = 0592695129B4A97900730B9C /* Main.storyboard */; };
		0592695529B4A97A00730B9C /* Assets.xcassets in Resources */ = {isa = PBXBuildFile; fileRef = 0592695429B4A97A00730B9C /* Assets.xcassets */; };
		0592695829B4A97A00730B9C /* LaunchScreen.storyboard in Resources */ = {isa = PBXBuildFile; fileRef = 0592695629B4A97A00730B9C /* LaunchScreen.storyboard */; };
		05CAA17E29CD3AEF0055C313 /* MoodListViewController.swift in Sources */ = {isa = PBXBuildFile; fileRef = 05CAA17D29CD3AEF0055C313 /* MoodListViewController.swift */; };
		05D6AA7F29C7F7CB00A42F02 /* MoodSelectionViewController.swift in Sources */ = {isa = PBXBuildFile; fileRef = 05D6AA7E29C7F7CB00A42F02 /* MoodSelectionViewController.swift */; };
		05D6AA8129C81C5100A42F02 /* CustomVisualEffectView.swift in Sources */ = {isa = PBXBuildFile; fileRef = 05D6AA8029C81C5100A42F02 /* CustomVisualEffectView.swift */; };
		05FFB20B29B62BD100C8156E /* Mood.swift in Sources */ = {isa = PBXBuildFile; fileRef = 05FFB20A29B62BD100C8156E /* Mood.swift */; };
		05FFB20D29B62C1700C8156E /* UIColor+OneBean.swift in Sources */ = {isa = PBXBuildFile; fileRef = 05FFB20C29B62C1700C8156E /* UIColor+OneBean.swift */; };
		05FFB20F29B62C2D00C8156E /* UIImage+OneBean.swift in Sources */ = {isa = PBXBuildFile; fileRef = 05FFB20E29B62C2D00C8156E /* UIImage+OneBean.swift */; };
		05FFB21129B7806D00C8156E /* LogItem.swift in Sources */ = {isa = PBXBuildFile; fileRef = 05FFB21029B7806D00C8156E /* LogItem.swift */; };
		05FFB21329B781A200C8156E /* LogItemStore.swift in Sources */ = {isa = PBXBuildFile; fileRef = 05FFB21229B781A200C8156E /* LogItemStore.swift */; };
		F518F6D1B8D89FE3F5E9B67D /* Pods_OneBean.framework in Frameworks */ = {isa = PBXBuildFile; fileRef = D01EA3A7EE1986BA67D156F5 /* Pods_OneBean.framework */; };
/* End PBXBuildFile section */

/* Begin PBXFileReference section */
		050CFE0329CEC382005D0A91 /* DetailViewController.swift */ = {isa = PBXFileReference; lastKnownFileType = sourcecode.swift; path = DetailViewController.swift; sourceTree = "<group>"; };
		050CFE0529CEEE50005D0A91 /* UITextView+Additions.swift */ = {isa = PBXFileReference; lastKnownFileType = sourcecode.swift; path = "UITextView+Additions.swift"; sourceTree = "<group>"; };
		050CFE0729CEF527005D0A91 /* LogItemCell.swift */ = {isa = PBXFileReference; lastKnownFileType = sourcecode.swift; path = LogItemCell.swift; sourceTree = "<group>"; };
		050CFE0929CF1DF8005D0A91 /* ImageSelector.swift */ = {isa = PBXFileReference; lastKnownFileType = sourcecode.swift; path = ImageSelector.swift; sourceTree = "<group>"; };
		053C650129C4523700708FF1 /* CustomCalendarCell.swift */ = {isa = PBXFileReference; lastKnownFileType = sourcecode.swift; path = CustomCalendarCell.swift; sourceTree = "<group>"; };
		055356F929E256D9009DDF9F /* WeatherAPI.swift */ = {isa = PBXFileReference; lastKnownFileType = sourcecode.swift; path = WeatherAPI.swift; sourceTree = "<group>"; };
		055356FD29E26557009DDF9F /* WeatherStore.swift */ = {isa = PBXFileReference; lastKnownFileType = sourcecode.swift; path = WeatherStore.swift; sourceTree = "<group>"; };
		0553571F29E2C296009DDF9F /* Weather.swift */ = {isa = PBXFileReference; lastKnownFileType = sourcecode.swift; path = Weather.swift; sourceTree = "<group>"; };
		0553572329E3D08E009DDF9F /* LocationProvider.swift */ = {isa = PBXFileReference; lastKnownFileType = sourcecode.swift; path = LocationProvider.swift; sourceTree = "<group>"; };
		0553572529E43FF4009DDF9F /* MapConversion.swift */ = {isa = PBXFileReference; lastKnownFileType = sourcecode.swift; path = MapConversion.swift; sourceTree = "<group>"; };
		056939CF29D4761100CB2D05 /* MonthSelectionViewController.swift */ = {isa = PBXFileReference; lastKnownFileType = sourcecode.swift; path = MonthSelectionViewController.swift; sourceTree = "<group>"; };
		05921FC829DA882500A09690 /* OneBean.entitlements */ = {isa = PBXFileReference; lastKnownFileType = text.plist.entitlements; path = OneBean.entitlements; sourceTree = "<group>"; };
		0592694829B4A97900730B9C /* OneBean.app */ = {isa = PBXFileReference; explicitFileType = wrapper.application; includeInIndex = 0; path = OneBean.app; sourceTree = BUILT_PRODUCTS_DIR; };
		0592694B29B4A97900730B9C /* AppDelegate.swift */ = {isa = PBXFileReference; lastKnownFileType = sourcecode.swift; path = AppDelegate.swift; sourceTree = "<group>"; };
		0592694D29B4A97900730B9C /* SceneDelegate.swift */ = {isa = PBXFileReference; lastKnownFileType = sourcecode.swift; path = SceneDelegate.swift; sourceTree = "<group>"; };
		0592694F29B4A97900730B9C /* CalendarViewController.swift */ = {isa = PBXFileReference; lastKnownFileType = sourcecode.swift; path = CalendarViewController.swift; sourceTree = "<group>"; };
		0592695229B4A97900730B9C /* Base */ = {isa = PBXFileReference; lastKnownFileType = file.storyboard; name = Base; path = Base.lproj/Main.storyboard; sourceTree = "<group>"; };
		0592695429B4A97A00730B9C /* Assets.xcassets */ = {isa = PBXFileReference; lastKnownFileType = folder.assetcatalog; path = Assets.xcassets; sourceTree = "<group>"; };
		0592695729B4A97A00730B9C /* Base */ = {isa = PBXFileReference; lastKnownFileType = file.storyboard; name = Base; path = Base.lproj/LaunchScreen.storyboard; sourceTree = "<group>"; };
		0592695929B4A97A00730B9C /* Info.plist */ = {isa = PBXFileReference; lastKnownFileType = text.plist.xml; path = Info.plist; sourceTree = "<group>"; };
		05CAA17D29CD3AEF0055C313 /* MoodListViewController.swift */ = {isa = PBXFileReference; lastKnownFileType = sourcecode.swift; path = MoodListViewController.swift; sourceTree = "<group>"; };
		05D6AA7E29C7F7CB00A42F02 /* MoodSelectionViewController.swift */ = {isa = PBXFileReference; lastKnownFileType = sourcecode.swift; path = MoodSelectionViewController.swift; sourceTree = "<group>"; };
		05D6AA8029C81C5100A42F02 /* CustomVisualEffectView.swift */ = {isa = PBXFileReference; lastKnownFileType = sourcecode.swift; path = CustomVisualEffectView.swift; sourceTree = "<group>"; };
		05FFB20A29B62BD100C8156E /* Mood.swift */ = {isa = PBXFileReference; lastKnownFileType = sourcecode.swift; path = Mood.swift; sourceTree = "<group>"; };
		05FFB20C29B62C1700C8156E /* UIColor+OneBean.swift */ = {isa = PBXFileReference; lastKnownFileType = sourcecode.swift; path = "UIColor+OneBean.swift"; sourceTree = "<group>"; };
		05FFB20E29B62C2D00C8156E /* UIImage+OneBean.swift */ = {isa = PBXFileReference; lastKnownFileType = sourcecode.swift; path = "UIImage+OneBean.swift"; sourceTree = "<group>"; };
		05FFB21029B7806D00C8156E /* LogItem.swift */ = {isa = PBXFileReference; lastKnownFileType = sourcecode.swift; path = LogItem.swift; sourceTree = "<group>"; };
		05FFB21229B781A200C8156E /* LogItemStore.swift */ = {isa = PBXFileReference; lastKnownFileType = sourcecode.swift; path = LogItemStore.swift; sourceTree = "<group>"; };
		1A46FE6D97F68C634467CD08 /* Pods-OneBean.release.xcconfig */ = {isa = PBXFileReference; includeInIndex = 1; lastKnownFileType = text.xcconfig; name = "Pods-OneBean.release.xcconfig"; path = "Target Support Files/Pods-OneBean/Pods-OneBean.release.xcconfig"; sourceTree = "<group>"; };
		C31BE69414C27B1AD66F8BBC /* Pods-OneBean.debug.xcconfig */ = {isa = PBXFileReference; includeInIndex = 1; lastKnownFileType = text.xcconfig; name = "Pods-OneBean.debug.xcconfig"; path = "Target Support Files/Pods-OneBean/Pods-OneBean.debug.xcconfig"; sourceTree = "<group>"; };
		D01EA3A7EE1986BA67D156F5 /* Pods_OneBean.framework */ = {isa = PBXFileReference; explicitFileType = wrapper.framework; includeInIndex = 0; path = Pods_OneBean.framework; sourceTree = BUILT_PRODUCTS_DIR; };
/* End PBXFileReference section */

/* Begin PBXFrameworksBuildPhase section */
		0592694529B4A97900730B9C /* Frameworks */ = {
			isa = PBXFrameworksBuildPhase;
			buildActionMask = 2147483647;
			files = (
				F518F6D1B8D89FE3F5E9B67D /* Pods_OneBean.framework in Frameworks */,
			);
			runOnlyForDeploymentPostprocessing = 0;
		};
/* End PBXFrameworksBuildPhase section */

/* Begin PBXGroup section */
		0592693F29B4A97900730B9C = {
			isa = PBXGroup;
			children = (
				0592694A29B4A97900730B9C /* OneBean */,
				0592694929B4A97900730B9C /* Products */,
				A26D7C4BDBD660D4A961B0DF /* Pods */,
				234EAF55FF3E00AF27B357A9 /* Frameworks */,
			);
			sourceTree = "<group>";
		};
		0592694929B4A97900730B9C /* Products */ = {
			isa = PBXGroup;
			children = (
				0592694829B4A97900730B9C /* OneBean.app */,
			);
			name = Products;
			sourceTree = "<group>";
		};
		0592694A29B4A97900730B9C /* OneBean */ = {
			isa = PBXGroup;
			children = (
				05921FC829DA882500A09690 /* OneBean.entitlements */,
				0592694B29B4A97900730B9C /* AppDelegate.swift */,
				0592694D29B4A97900730B9C /* SceneDelegate.swift */,
				0592694F29B4A97900730B9C /* CalendarViewController.swift */,
				053C650129C4523700708FF1 /* CustomCalendarCell.swift */,
				05D6AA8029C81C5100A42F02 /* CustomVisualEffectView.swift */,
				055356F929E256D9009DDF9F /* WeatherAPI.swift */,
				055356FD29E26557009DDF9F /* WeatherStore.swift */,
				0553571F29E2C296009DDF9F /* Weather.swift */,
				0553572529E43FF4009DDF9F /* MapConversion.swift */,
				0553572329E3D08E009DDF9F /* LocationProvider.swift */,
				0592695129B4A97900730B9C /* Main.storyboard */,
				056939CF29D4761100CB2D05 /* MonthSelectionViewController.swift */,
				050CFE0729CEF527005D0A91 /* LogItemCell.swift */,
				05D6AA7E29C7F7CB00A42F02 /* MoodSelectionViewController.swift */,
				05CAA17D29CD3AEF0055C313 /* MoodListViewController.swift */,
				050CFE0329CEC382005D0A91 /* DetailViewController.swift */,
				050CFE0929CF1DF8005D0A91 /* ImageSelector.swift */,
				050CFE0529CEEE50005D0A91 /* UITextView+Additions.swift */,
				0592695429B4A97A00730B9C /* Assets.xcassets */,
				05FFB20A29B62BD100C8156E /* Mood.swift */,
				05FFB21029B7806D00C8156E /* LogItem.swift */,
				05FFB21229B781A200C8156E /* LogItemStore.swift */,
				05FFB20C29B62C1700C8156E /* UIColor+OneBean.swift */,
				05FFB20E29B62C2D00C8156E /* UIImage+OneBean.swift */,
				0592695629B4A97A00730B9C /* LaunchScreen.storyboard */,
				0592695929B4A97A00730B9C /* Info.plist */,
			);
			path = OneBean;
			sourceTree = "<group>";
		};
		234EAF55FF3E00AF27B357A9 /* Frameworks */ = {
			isa = PBXGroup;
			children = (
				D01EA3A7EE1986BA67D156F5 /* Pods_OneBean.framework */,
			);
			name = Frameworks;
			sourceTree = "<group>";
		};
		A26D7C4BDBD660D4A961B0DF /* Pods */ = {
			isa = PBXGroup;
			children = (
				C31BE69414C27B1AD66F8BBC /* Pods-OneBean.debug.xcconfig */,
				1A46FE6D97F68C634467CD08 /* Pods-OneBean.release.xcconfig */,
			);
			path = Pods;
			sourceTree = "<group>";
		};
/* End PBXGroup section */

/* Begin PBXNativeTarget section */
		0592694729B4A97900730B9C /* OneBean */ = {
			isa = PBXNativeTarget;
			buildConfigurationList = 0592695C29B4A97A00730B9C /* Build configuration list for PBXNativeTarget "OneBean" */;
			buildPhases = (
				08B31A74129F2B8C8379137C /* [CP] Check Pods Manifest.lock */,
				0592694429B4A97900730B9C /* Sources */,
				0592694529B4A97900730B9C /* Frameworks */,
				0592694629B4A97900730B9C /* Resources */,
				DDC763069C2538E5DC893C3E /* [CP] Embed Pods Frameworks */,
			);
			buildRules = (
			);
			dependencies = (
			);
			name = OneBean;
			productName = OneBean;
			productReference = 0592694829B4A97900730B9C /* OneBean.app */;
			productType = "com.apple.product-type.application";
		};
/* End PBXNativeTarget section */

/* Begin PBXProject section */
		0592694029B4A97900730B9C /* Project object */ = {
			isa = PBXProject;
			attributes = {
				BuildIndependentTargetsInParallel = 1;
				LastSwiftUpdateCheck = 1320;
				LastUpgradeCheck = 1320;
				TargetAttributes = {
					0592694729B4A97900730B9C = {
						CreatedOnToolsVersion = 13.2.1;
					};
				};
			};
			buildConfigurationList = 0592694329B4A97900730B9C /* Build configuration list for PBXProject "OneBean" */;
			compatibilityVersion = "Xcode 13.0";
			developmentRegion = en;
			hasScannedForEncodings = 0;
			knownRegions = (
				en,
				Base,
			);
			mainGroup = 0592693F29B4A97900730B9C;
			productRefGroup = 0592694929B4A97900730B9C /* Products */;
			projectDirPath = "";
			projectRoot = "";
			targets = (
				0592694729B4A97900730B9C /* OneBean */,
			);
		};
/* End PBXProject section */

/* Begin PBXResourcesBuildPhase section */
		0592694629B4A97900730B9C /* Resources */ = {
			isa = PBXResourcesBuildPhase;
			buildActionMask = 2147483647;
			files = (
				0592695829B4A97A00730B9C /* LaunchScreen.storyboard in Resources */,
				0592695529B4A97A00730B9C /* Assets.xcassets in Resources */,
				0592695329B4A97900730B9C /* Main.storyboard in Resources */,
			);
			runOnlyForDeploymentPostprocessing = 0;
		};
/* End PBXResourcesBuildPhase section */

/* Begin PBXShellScriptBuildPhase section */
		08B31A74129F2B8C8379137C /* [CP] Check Pods Manifest.lock */ = {
			isa = PBXShellScriptBuildPhase;
			buildActionMask = 2147483647;
			files = (
			);
			inputFileListPaths = (
			);
			inputPaths = (
				"${PODS_PODFILE_DIR_PATH}/Podfile.lock",
				"${PODS_ROOT}/Manifest.lock",
			);
			name = "[CP] Check Pods Manifest.lock";
			outputFileListPaths = (
			);
			outputPaths = (
				"$(DERIVED_FILE_DIR)/Pods-OneBean-checkManifestLockResult.txt",
			);
			runOnlyForDeploymentPostprocessing = 0;
			shellPath = /bin/sh;
			shellScript = "diff \"${PODS_PODFILE_DIR_PATH}/Podfile.lock\" \"${PODS_ROOT}/Manifest.lock\" > /dev/null\nif [ $? != 0 ] ; then\n    # print error to STDERR\n    echo \"error: The sandbox is not in sync with the Podfile.lock. Run 'pod install' or update your CocoaPods installation.\" >&2\n    exit 1\nfi\n# This output is used by Xcode 'outputs' to avoid re-running this script phase.\necho \"SUCCESS\" > \"${SCRIPT_OUTPUT_FILE_0}\"\n";
			showEnvVarsInLog = 0;
		};
		DDC763069C2538E5DC893C3E /* [CP] Embed Pods Frameworks */ = {
			isa = PBXShellScriptBuildPhase;
			buildActionMask = 2147483647;
			files = (
			);
			inputFileListPaths = (
				"${PODS_ROOT}/Target Support Files/Pods-OneBean/Pods-OneBean-frameworks-${CONFIGURATION}-input-files.xcfilelist",
			);
			name = "[CP] Embed Pods Frameworks";
			outputFileListPaths = (
				"${PODS_ROOT}/Target Support Files/Pods-OneBean/Pods-OneBean-frameworks-${CONFIGURATION}-output-files.xcfilelist",
			);
			runOnlyForDeploymentPostprocessing = 0;
			shellPath = /bin/sh;
			shellScript = "\"${PODS_ROOT}/Target Support Files/Pods-OneBean/Pods-OneBean-frameworks.sh\"\n";
			showEnvVarsInLog = 0;
		};
/* End PBXShellScriptBuildPhase section */

/* Begin PBXSourcesBuildPhase section */
		0592694429B4A97900730B9C /* Sources */ = {
			isa = PBXSourcesBuildPhase;
			buildActionMask = 2147483647;
			files = (
				050CFE0429CEC382005D0A91 /* DetailViewController.swift in Sources */,
				050CFE0629CEEE50005D0A91 /* UITextView+Additions.swift in Sources */,
				050CFE0A29CF1DF8005D0A91 /* ImageSelector.swift in Sources */,
				05FFB20F29B62C2D00C8156E /* UIImage+OneBean.swift in Sources */,
				0553572029E2C296009DDF9F /* Weather.swift in Sources */,
				05FFB20D29B62C1700C8156E /* UIColor+OneBean.swift in Sources */,
				0553572429E3D08E009DDF9F /* LocationProvider.swift in Sources */,
				05D6AA7F29C7F7CB00A42F02 /* MoodSelectionViewController.swift in Sources */,
				05FFB20B29B62BD100C8156E /* Mood.swift in Sources */,
				056939D029D4761100CB2D05 /* MonthSelectionViewController.swift in Sources */,
				0553572629E43FF5009DDF9F /* MapConversion.swift in Sources */,
				05FFB21329B781A200C8156E /* LogItemStore.swift in Sources */,
				055356FA29E256D9009DDF9F /* WeatherAPI.swift in Sources */,
				053C650229C4523700708FF1 /* CustomCalendarCell.swift in Sources */,
				055356FE29E26557009DDF9F /* WeatherStore.swift in Sources */,
				05D6AA8129C81C5100A42F02 /* CustomVisualEffectView.swift in Sources */,
				05FFB21129B7806D00C8156E /* LogItem.swift in Sources */,
				0592695029B4A97900730B9C /* CalendarViewController.swift in Sources */,
				050CFE0829CEF527005D0A91 /* LogItemCell.swift in Sources */,
				05CAA17E29CD3AEF0055C313 /* MoodListViewController.swift in Sources */,
				0592694C29B4A97900730B9C /* AppDelegate.swift in Sources */,
				0592694E29B4A97900730B9C /* SceneDelegate.swift in Sources */,
			);
			runOnlyForDeploymentPostprocessing = 0;
		};
/* End PBXSourcesBuildPhase section */

/* Begin PBXVariantGroup section */
		0592695129B4A97900730B9C /* Main.storyboard */ = {
			isa = PBXVariantGroup;
			children = (
				0592695229B4A97900730B9C /* Base */,
			);
			name = Main.storyboard;
			sourceTree = "<group>";
		};
		0592695629B4A97A00730B9C /* LaunchScreen.storyboard */ = {
			isa = PBXVariantGroup;
			children = (
				0592695729B4A97A00730B9C /* Base */,
			);
			name = LaunchScreen.storyboard;
			sourceTree = "<group>";
		};
/* End PBXVariantGroup section */

/* Begin XCBuildConfiguration section */
		0592695A29B4A97A00730B9C /* Debug */ = {
			isa = XCBuildConfiguration;
			buildSettings = {
				ALWAYS_SEARCH_USER_PATHS = NO;
				CLANG_ANALYZER_NONNULL = YES;
				CLANG_ANALYZER_NUMBER_OBJECT_CONVERSION = YES_AGGRESSIVE;
				CLANG_CXX_LANGUAGE_STANDARD = "gnu++17";
				CLANG_CXX_LIBRARY = "libc++";
				CLANG_ENABLE_MODULES = YES;
				CLANG_ENABLE_OBJC_ARC = YES;
				CLANG_ENABLE_OBJC_WEAK = YES;
				CLANG_WARN_BLOCK_CAPTURE_AUTORELEASING = YES;
				CLANG_WARN_BOOL_CONVERSION = YES;
				CLANG_WARN_COMMA = YES;
				CLANG_WARN_CONSTANT_CONVERSION = YES;
				CLANG_WARN_DEPRECATED_OBJC_IMPLEMENTATIONS = YES;
				CLANG_WARN_DIRECT_OBJC_ISA_USAGE = YES_ERROR;
				CLANG_WARN_DOCUMENTATION_COMMENTS = YES;
				CLANG_WARN_EMPTY_BODY = YES;
				CLANG_WARN_ENUM_CONVERSION = YES;
				CLANG_WARN_INFINITE_RECURSION = YES;
				CLANG_WARN_INT_CONVERSION = YES;
				CLANG_WARN_NON_LITERAL_NULL_CONVERSION = YES;
				CLANG_WARN_OBJC_IMPLICIT_RETAIN_SELF = YES;
				CLANG_WARN_OBJC_LITERAL_CONVERSION = YES;
				CLANG_WARN_OBJC_ROOT_CLASS = YES_ERROR;
				CLANG_WARN_QUOTED_INCLUDE_IN_FRAMEWORK_HEADER = YES;
				CLANG_WARN_RANGE_LOOP_ANALYSIS = YES;
				CLANG_WARN_STRICT_PROTOTYPES = YES;
				CLANG_WARN_SUSPICIOUS_MOVE = YES;
				CLANG_WARN_UNGUARDED_AVAILABILITY = YES_AGGRESSIVE;
				CLANG_WARN_UNREACHABLE_CODE = YES;
				CLANG_WARN__DUPLICATE_METHOD_MATCH = YES;
				COPY_PHASE_STRIP = NO;
				DEBUG_INFORMATION_FORMAT = dwarf;
				ENABLE_STRICT_OBJC_MSGSEND = YES;
				ENABLE_TESTABILITY = YES;
				GCC_C_LANGUAGE_STANDARD = gnu11;
				GCC_DYNAMIC_NO_PIC = NO;
				GCC_NO_COMMON_BLOCKS = YES;
				GCC_OPTIMIZATION_LEVEL = 0;
				GCC_PREPROCESSOR_DEFINITIONS = (
					"DEBUG=1",
					"$(inherited)",
				);
				GCC_WARN_64_TO_32_BIT_CONVERSION = YES;
				GCC_WARN_ABOUT_RETURN_TYPE = YES_ERROR;
				GCC_WARN_UNDECLARED_SELECTOR = YES;
				GCC_WARN_UNINITIALIZED_AUTOS = YES_AGGRESSIVE;
				GCC_WARN_UNUSED_FUNCTION = YES;
				GCC_WARN_UNUSED_VARIABLE = YES;
				IPHONEOS_DEPLOYMENT_TARGET = 15.2;
				MTL_ENABLE_DEBUG_INFO = INCLUDE_SOURCE;
				MTL_FAST_MATH = YES;
				ONLY_ACTIVE_ARCH = YES;
				SDKROOT = iphoneos;
				SWIFT_ACTIVE_COMPILATION_CONDITIONS = DEBUG;
				SWIFT_OPTIMIZATION_LEVEL = "-Onone";
			};
			name = Debug;
		};
		0592695B29B4A97A00730B9C /* Release */ = {
			isa = XCBuildConfiguration;
			buildSettings = {
				ALWAYS_SEARCH_USER_PATHS = NO;
				CLANG_ANALYZER_NONNULL = YES;
				CLANG_ANALYZER_NUMBER_OBJECT_CONVERSION = YES_AGGRESSIVE;
				CLANG_CXX_LANGUAGE_STANDARD = "gnu++17";
				CLANG_CXX_LIBRARY = "libc++";
				CLANG_ENABLE_MODULES = YES;
				CLANG_ENABLE_OBJC_ARC = YES;
				CLANG_ENABLE_OBJC_WEAK = YES;
				CLANG_WARN_BLOCK_CAPTURE_AUTORELEASING = YES;
				CLANG_WARN_BOOL_CONVERSION = YES;
				CLANG_WARN_COMMA = YES;
				CLANG_WARN_CONSTANT_CONVERSION = YES;
				CLANG_WARN_DEPRECATED_OBJC_IMPLEMENTATIONS = YES;
				CLANG_WARN_DIRECT_OBJC_ISA_USAGE = YES_ERROR;
				CLANG_WARN_DOCUMENTATION_COMMENTS = YES;
				CLANG_WARN_EMPTY_BODY = YES;
				CLANG_WARN_ENUM_CONVERSION = YES;
				CLANG_WARN_INFINITE_RECURSION = YES;
				CLANG_WARN_INT_CONVERSION = YES;
				CLANG_WARN_NON_LITERAL_NULL_CONVERSION = YES;
				CLANG_WARN_OBJC_IMPLICIT_RETAIN_SELF = YES;
				CLANG_WARN_OBJC_LITERAL_CONVERSION = YES;
				CLANG_WARN_OBJC_ROOT_CLASS = YES_ERROR;
				CLANG_WARN_QUOTED_INCLUDE_IN_FRAMEWORK_HEADER = YES;
				CLANG_WARN_RANGE_LOOP_ANALYSIS = YES;
				CLANG_WARN_STRICT_PROTOTYPES = YES;
				CLANG_WARN_SUSPICIOUS_MOVE = YES;
				CLANG_WARN_UNGUARDED_AVAILABILITY = YES_AGGRESSIVE;
				CLANG_WARN_UNREACHABLE_CODE = YES;
				CLANG_WARN__DUPLICATE_METHOD_MATCH = YES;
				COPY_PHASE_STRIP = NO;
				DEBUG_INFORMATION_FORMAT = "dwarf-with-dsym";
				ENABLE_NS_ASSERTIONS = NO;
				ENABLE_STRICT_OBJC_MSGSEND = YES;
				GCC_C_LANGUAGE_STANDARD = gnu11;
				GCC_DYNAMIC_NO_PIC = NO;
				GCC_NO_COMMON_BLOCKS = YES;
				GCC_WARN_64_TO_32_BIT_CONVERSION = YES;
				GCC_WARN_ABOUT_RETURN_TYPE = YES_ERROR;
				GCC_WARN_UNDECLARED_SELECTOR = YES;
				GCC_WARN_UNINITIALIZED_AUTOS = YES_AGGRESSIVE;
				GCC_WARN_UNUSED_FUNCTION = YES;
				GCC_WARN_UNUSED_VARIABLE = YES;
				IPHONEOS_DEPLOYMENT_TARGET = 15.2;
				MTL_ENABLE_DEBUG_INFO = NO;
				MTL_FAST_MATH = YES;
				SDKROOT = iphoneos;
				SWIFT_COMPILATION_MODE = wholemodule;
				SWIFT_OPTIMIZATION_LEVEL = "-O";
				VALIDATE_PRODUCT = YES;
			};
			name = Release;
		};
		0592695D29B4A97A00730B9C /* Debug */ = {
			isa = XCBuildConfiguration;
			baseConfigurationReference = C31BE69414C27B1AD66F8BBC /* Pods-OneBean.debug.xcconfig */;
			buildSettings = {
				ASSETCATALOG_COMPILER_APPICON_NAME = AppIcon;
				ASSETCATALOG_COMPILER_GLOBAL_ACCENT_COLOR_NAME = AccentColor;
				CODE_SIGN_ENTITLEMENTS = OneBean/OneBean.entitlements;
				CODE_SIGN_STYLE = Automatic;
				CURRENT_PROJECT_VERSION = 1;
				DEVELOPMENT_TEAM = MV778C53Q7;
				GENERATE_INFOPLIST_FILE = YES;
				INFOPLIST_FILE = OneBean/Info.plist;
				INFOPLIST_KEY_LSApplicationCategoryType = "public.app-category.lifestyle";
				INFOPLIST_KEY_NSLocationWhenInUseUsageDescription = "Your location is used to get weather information.";
				INFOPLIST_KEY_UIApplicationSupportsIndirectInputEvents = YES;
				INFOPLIST_KEY_UILaunchStoryboardName = LaunchScreen;
				INFOPLIST_KEY_UIMainStoryboardFile = Main;
				INFOPLIST_KEY_UISupportedInterfaceOrientations_iPad = "UIInterfaceOrientationPortrait UIInterfaceOrientationPortraitUpsideDown UIInterfaceOrientationLandscapeLeft UIInterfaceOrientationLandscapeRight";
				INFOPLIST_KEY_UISupportedInterfaceOrientations_iPhone = "UIInterfaceOrientationPortrait UIInterfaceOrientationLandscapeLeft UIInterfaceOrientationLandscapeRight";
				LD_RUNPATH_SEARCH_PATHS = (
					"$(inherited)",
					"@executable_path/Frameworks",
				);
				MARKETING_VERSION = 1.0;
				PRODUCT_BUNDLE_IDENTIFIER = jhkim.OneBean;
				PRODUCT_NAME = "$(TARGET_NAME)";
				SUPPORTS_MACCATALYST = NO;
				SWIFT_EMIT_LOC_STRINGS = YES;
				SWIFT_VERSION = 5.0;
				TARGETED_DEVICE_FAMILY = "1,2";
			};
			name = Debug;
		};
		0592695E29B4A97A00730B9C /* Release */ = {
			isa = XCBuildConfiguration;
			baseConfigurationReference = 1A46FE6D97F68C634467CD08 /* Pods-OneBean.release.xcconfig */;
			buildSettings = {
				ASSETCATALOG_COMPILER_APPICON_NAME = AppIcon;
				ASSETCATALOG_COMPILER_GLOBAL_ACCENT_COLOR_NAME = AccentColor;
				CODE_SIGN_ENTITLEMENTS = OneBean/OneBean.entitlements;
				CODE_SIGN_STYLE = Automatic;
				CURRENT_PROJECT_VERSION = 1;
				DEVELOPMENT_TEAM = MV778C53Q7;
				GENERATE_INFOPLIST_FILE = YES;
				INFOPLIST_FILE = OneBean/Info.plist;
				INFOPLIST_KEY_LSApplicationCategoryType = "public.app-category.lifestyle";
				INFOPLIST_KEY_NSLocationWhenInUseUsageDescription = "Your location is used to get weather information.";
				INFOPLIST_KEY_UIApplicationSupportsIndirectInputEvents = YES;
				INFOPLIST_KEY_UILaunchStoryboardName = LaunchScreen;
				INFOPLIST_KEY_UIMainStoryboardFile = Main;
				INFOPLIST_KEY_UISupportedInterfaceOrientations_iPad = "UIInterfaceOrientationPortrait UIInterfaceOrientationPortraitUpsideDown UIInterfaceOrientationLandscapeLeft UIInterfaceOrientationLandscapeRight";
				INFOPLIST_KEY_UISupportedInterfaceOrientations_iPhone = "UIInterfaceOrientationPortrait UIInterfaceOrientationLandscapeLeft UIInterfaceOrientationLandscapeRight";
				LD_RUNPATH_SEARCH_PATHS = (
					"$(inherited)",
					"@executable_path/Frameworks",
				);
				MARKETING_VERSION = 1.0;
				PRODUCT_BUNDLE_IDENTIFIER = jhkim.OneBean;
				PRODUCT_NAME = "$(TARGET_NAME)";
				SUPPORTS_MACCATALYST = NO;
				SWIFT_EMIT_LOC_STRINGS = YES;
				SWIFT_VERSION = 5.0;
				TARGETED_DEVICE_FAMILY = "1,2";
			};
			name = Release;
		};
/* End XCBuildConfiguration section */

/* Begin XCConfigurationList section */
		0592694329B4A97900730B9C /* Build configuration list for PBXProject "OneBean" */ = {
			isa = XCConfigurationList;
			buildConfigurations = (
				0592695A29B4A97A00730B9C /* Debug */,
				0592695B29B4A97A00730B9C /* Release */,
			);
			defaultConfigurationIsVisible = 0;
			defaultConfigurationName = Release;
		};
		0592695C29B4A97A00730B9C /* Build configuration list for PBXNativeTarget "OneBean" */ = {
			isa = XCConfigurationList;
			buildConfigurations = (
				0592695D29B4A97A00730B9C /* Debug */,
				0592695E29B4A97A00730B9C /* Release */,
			);
			defaultConfigurationIsVisible = 0;
			defaultConfigurationName = Release;
		};
/* End XCConfigurationList section */
	};
	rootObject = 0592694029B4A97900730B9C /* Project object */;
}
